// !$*UTF8*$!
{
	archiveVersion = 1;
	classes = {
	};
	objectVersion = 50;
	objects = {

/* Begin PBXBuildFile section */
		B66E60AC593C7BDD974B8675 /* Pods_DnpKit.framework in Frameworks */ = {isa = PBXBuildFile; fileRef = 9720C1272169457F8FC6BB39 /* Pods_DnpKit.framework */; };
		EF04DBB52293905200D026F0 /* UITextField+Chain.swift in Sources */ = {isa = PBXBuildFile; fileRef = EF04DBB42293905200D026F0 /* UITextField+Chain.swift */; };
		EF04DBB72293995100D026F0 /* UITextView+Chain.swift in Sources */ = {isa = PBXBuildFile; fileRef = EF04DBB62293995100D026F0 /* UITextView+Chain.swift */; };
		EF04DBB92293A44000D026F0 /* UISwitch+Chain.swift in Sources */ = {isa = PBXBuildFile; fileRef = EF04DBB82293A44000D026F0 /* UISwitch+Chain.swift */; };
		EF04DBBB2293A55900D026F0 /* UISlider+Chain.swift in Sources */ = {isa = PBXBuildFile; fileRef = EF04DBBA2293A55900D026F0 /* UISlider+Chain.swift */; };
		EF04DBBD2293A8EA00D026F0 /* UIActivityIndicatorView+Chain.swift in Sources */ = {isa = PBXBuildFile; fileRef = EF04DBBC2293A8EA00D026F0 /* UIActivityIndicatorView+Chain.swift */; };
		EF04DBBF2293AA1200D026F0 /* UIProgressView+Chain.swift in Sources */ = {isa = PBXBuildFile; fileRef = EF04DBBE2293AA1200D026F0 /* UIProgressView+Chain.swift */; };
		EF04DBC12293AB7500D026F0 /* UIResponder+Chain.swift in Sources */ = {isa = PBXBuildFile; fileRef = EF04DBC02293AB7400D026F0 /* UIResponder+Chain.swift */; };
		EF04DBC32293AC8200D026F0 /* UIBarButtonItem+Chain.swift in Sources */ = {isa = PBXBuildFile; fileRef = EF04DBC22293AC8200D026F0 /* UIBarButtonItem+Chain.swift */; };
		EF04DBC52293B28A00D026F0 /* UIBarItem+Chain.swift in Sources */ = {isa = PBXBuildFile; fileRef = EF04DBC42293B28A00D026F0 /* UIBarItem+Chain.swift */; };
		EF04DBC72293B5C300D026F0 /* UIDatePicker+Chain.swift in Sources */ = {isa = PBXBuildFile; fileRef = EF04DBC62293B5C300D026F0 /* UIDatePicker+Chain.swift */; };
		EF04DBC92293C6B100D026F0 /* UIPickerView+Chain.swift in Sources */ = {isa = PBXBuildFile; fileRef = EF04DBC82293C6B100D026F0 /* UIPickerView+Chain.swift */; };
		EF04DBCB2293CA7900D026F0 /* NotificationCenter+Chain.swift in Sources */ = {isa = PBXBuildFile; fileRef = EF04DBCA2293CA7900D026F0 /* NotificationCenter+Chain.swift */; };
		EF22B65A2293CF0900411C20 /* NSMutableAttributedString+Chain.swift in Sources */ = {isa = PBXBuildFile; fileRef = EF22B6592293CF0900411C20 /* NSMutableAttributedString+Chain.swift */; };
		EF22B65E2293DA1E00411C20 /* UINavigationBar+Chain.swift in Sources */ = {isa = PBXBuildFile; fileRef = EF22B65D2293DA1E00411C20 /* UINavigationBar+Chain.swift */; };
		EF22B6602293DB4A00411C20 /* UINavigationItem+Chain.swift in Sources */ = {isa = PBXBuildFile; fileRef = EF22B65F2293DB4A00411C20 /* UINavigationItem+Chain.swift */; };
		EF22B6622293E0B500411C20 /* UISegmentedControl+Chain.swift in Sources */ = {isa = PBXBuildFile; fileRef = EF22B6612293E0B500411C20 /* UISegmentedControl+Chain.swift */; };
		EF22B6642293E4FF00411C20 /* UIStepper+Chain.swift in Sources */ = {isa = PBXBuildFile; fileRef = EF22B6632293E4FF00411C20 /* UIStepper+Chain.swift */; };
		EF22B6662293E80900411C20 /* UIScrollView+Chain.swift in Sources */ = {isa = PBXBuildFile; fileRef = EF22B6652293E80900411C20 /* UIScrollView+Chain.swift */; };
		EF22B6682293EF4800411C20 /* UITableView+Chain.swift in Sources */ = {isa = PBXBuildFile; fileRef = EF22B6672293EF4800411C20 /* UITableView+Chain.swift */; };
		EF22B66A2293F94900411C20 /* UICollectionView+Chain.swift in Sources */ = {isa = PBXBuildFile; fileRef = EF22B6692293F94900411C20 /* UICollectionView+Chain.swift */; };
		EF22B66C2294059700411C20 /* UICollectionViewFlowLayout+Chain.swift in Sources */ = {isa = PBXBuildFile; fileRef = EF22B66B2294059700411C20 /* UICollectionViewFlowLayout+Chain.swift */; };
		EF22B66E229409A000411C20 /* UserDefaults+Chain.swift in Sources */ = {isa = PBXBuildFile; fileRef = EF22B66D229409A000411C20 /* UserDefaults+Chain.swift */; };
		EF22B6732294179100411C20 /* CALayer+Chain.swift in Sources */ = {isa = PBXBuildFile; fileRef = EF22B6722294179100411C20 /* CALayer+Chain.swift */; };
		EF22B675229417A900411C20 /* UIGestureChain.swift in Sources */ = {isa = PBXBuildFile; fileRef = EF22B674229417A900411C20 /* UIGestureChain.swift */; };
		EF236061229447410020B00D /* CAGradientLayer+Chain.swift in Sources */ = {isa = PBXBuildFile; fileRef = EF236060229447410020B00D /* CAGradientLayer+Chain.swift */; };
		EF2360632294499E0020B00D /* CAScrollLayer+Chain.swift in Sources */ = {isa = PBXBuildFile; fileRef = EF2360622294499E0020B00D /* CAScrollLayer+Chain.swift */; };
		EF23606522944AE20020B00D /* CATiledLayer+Chain.swift in Sources */ = {isa = PBXBuildFile; fileRef = EF23606422944AE20020B00D /* CATiledLayer+Chain.swift */; };
		EF23606722944BDD0020B00D /* CAShapeLayer+Chain.swift in Sources */ = {isa = PBXBuildFile; fileRef = EF23606622944BDD0020B00D /* CAShapeLayer+Chain.swift */; };
		EF23606922944D780020B00D /* CATextLayer+Chain.swift in Sources */ = {isa = PBXBuildFile; fileRef = EF23606822944D780020B00D /* CATextLayer+Chain.swift */; };
		EF23606B22944E5B0020B00D /* CAReplicatorLayer+Chain.swift in Sources */ = {isa = PBXBuildFile; fileRef = EF23606A22944E5B0020B00D /* CAReplicatorLayer+Chain.swift */; };
		EF23606D22944F4B0020B00D /* CAEmitterLayer+Chain.swift in Sources */ = {isa = PBXBuildFile; fileRef = EF23606C22944F4B0020B00D /* CAEmitterLayer+Chain.swift */; };
		EF23606F229450AB0020B00D /* UITapGesture+Chain.swift in Sources */ = {isa = PBXBuildFile; fileRef = EF23606E229450AB0020B00D /* UITapGesture+Chain.swift */; };
		EF236071229451040020B00D /* UIRotationGesture+Chain.swift in Sources */ = {isa = PBXBuildFile; fileRef = EF236070229451040020B00D /* UIRotationGesture+Chain.swift */; };
		EF236073229451A10020B00D /* UISwipeGesture+Chain.swift in Sources */ = {isa = PBXBuildFile; fileRef = EF236072229451A10020B00D /* UISwipeGesture+Chain.swift */; };
		EF2360752294520D0020B00D /* UIPanGesture+Chain.swift in Sources */ = {isa = PBXBuildFile; fileRef = EF2360742294520D0020B00D /* UIPanGesture+Chain.swift */; };
		EF236077229452BA0020B00D /* UILongPressGesture+Chain.swift in Sources */ = {isa = PBXBuildFile; fileRef = EF236076229452BA0020B00D /* UILongPressGesture+Chain.swift */; };
		EF236079229453460020B00D /* UIPinchGesture+Chain.swift in Sources */ = {isa = PBXBuildFile; fileRef = EF236078229453460020B00D /* UIPinchGesture+Chain.swift */; };
		EF2A6AA12292547000CC00F3 /* AppDelegate.swift in Sources */ = {isa = PBXBuildFile; fileRef = EF2A6AA02292547000CC00F3 /* AppDelegate.swift */; };
		EF2A6AA32292547000CC00F3 /* ViewController.swift in Sources */ = {isa = PBXBuildFile; fileRef = EF2A6AA22292547000CC00F3 /* ViewController.swift */; };
		EF2A6AA62292547000CC00F3 /* Main.storyboard in Resources */ = {isa = PBXBuildFile; fileRef = EF2A6AA42292547000CC00F3 /* Main.storyboard */; };
		EF2A6AA82292547200CC00F3 /* Assets.xcassets in Resources */ = {isa = PBXBuildFile; fileRef = EF2A6AA72292547200CC00F3 /* Assets.xcassets */; };
		EF2A6AAB2292547200CC00F3 /* LaunchScreen.storyboard in Resources */ = {isa = PBXBuildFile; fileRef = EF2A6AA92292547200CC00F3 /* LaunchScreen.storyboard */; };
		EF2A6AB62292547200CC00F3 /* DnpKitTests.swift in Sources */ = {isa = PBXBuildFile; fileRef = EF2A6AB52292547200CC00F3 /* DnpKitTests.swift */; };
		EF2A6AC12292547200CC00F3 /* DnpKitUITests.swift in Sources */ = {isa = PBXBuildFile; fileRef = EF2A6AC02292547200CC00F3 /* DnpKitUITests.swift */; };
		EF2A6AD122925A5800CC00F3 /* DnpChain.swift in Sources */ = {isa = PBXBuildFile; fileRef = EF2A6AD022925A5800CC00F3 /* DnpChain.swift */; };
		EF2A6AD322925C0000CC00F3 /* DnpChainCompatible.swift in Sources */ = {isa = PBXBuildFile; fileRef = EF2A6AD222925C0000CC00F3 /* DnpChainCompatible.swift */; };
		EF2A6ADA229260AD00CC00F3 /* UIView+Chain.swift in Sources */ = {isa = PBXBuildFile; fileRef = EF2A6AD9229260AD00CC00F3 /* UIView+Chain.swift */; };
		EF2A6ADC2292793900CC00F3 /* UIView+Category.swift in Sources */ = {isa = PBXBuildFile; fileRef = EF2A6ADB2292793900CC00F3 /* UIView+Category.swift */; };
		EF2A6ADE2292A00B00CC00F3 /* UILabel+Chain.swift in Sources */ = {isa = PBXBuildFile; fileRef = EF2A6ADD2292A00B00CC00F3 /* UILabel+Chain.swift */; };
		EF2A6AE02292A3A000CC00F3 /* UIButton+Chain.swift in Sources */ = {isa = PBXBuildFile; fileRef = EF2A6ADF2292A3A000CC00F3 /* UIButton+Chain.swift */; };
		EF2A6AE22292B58A00CC00F3 /* UIControl+Chain.swift in Sources */ = {isa = PBXBuildFile; fileRef = EF2A6AE12292B58A00CC00F3 /* UIControl+Chain.swift */; };
		EF2A6B5A2292D1C400CC00F3 /* UIImageView+Chain.swift in Sources */ = {isa = PBXBuildFile; fileRef = EF2A6B592292D1C400CC00F3 /* UIImageView+Chain.swift */; };
		EF6B429B2294DF1900CB55B2 /* SearchViewController.swift in Sources */ = {isa = PBXBuildFile; fileRef = EF6B429A2294DF1900CB55B2 /* SearchViewController.swift */; };
		EF6B429F2294EED400CB55B2 /* UITableViewCell+Chain.swift in Sources */ = {isa = PBXBuildFile; fileRef = EF6B429E2294EED400CB55B2 /* UITableViewCell+Chain.swift */; };
		EF6B42A12294F3C000CB55B2 /* UICollectionViewCell+Chain.swift in Sources */ = {isa = PBXBuildFile; fileRef = EF6B42A02294F3C000CB55B2 /* UICollectionViewCell+Chain.swift */; };
		EF6B42A3229506D600CB55B2 /* UIStackView+Chain.swift in Sources */ = {isa = PBXBuildFile; fileRef = EF6B42A2229506D600CB55B2 /* UIStackView+Chain.swift */; };
		EF6B42A722951E6C00CB55B2 /* TableViewCell.swift in Sources */ = {isa = PBXBuildFile; fileRef = EF6B42A622951E6C00CB55B2 /* TableViewCell.swift */; };
/* End PBXBuildFile section */

/* Begin PBXContainerItemProxy section */
		EF2A6AB22292547200CC00F3 /* PBXContainerItemProxy */ = {
			isa = PBXContainerItemProxy;
			containerPortal = EF2A6A952292547000CC00F3 /* Project object */;
			proxyType = 1;
			remoteGlobalIDString = EF2A6A9C2292547000CC00F3;
			remoteInfo = DnpKit;
		};
		EF2A6ABD2292547200CC00F3 /* PBXContainerItemProxy */ = {
			isa = PBXContainerItemProxy;
			containerPortal = EF2A6A952292547000CC00F3 /* Project object */;
			proxyType = 1;
			remoteGlobalIDString = EF2A6A9C2292547000CC00F3;
			remoteInfo = DnpKit;
		};
/* End PBXContainerItemProxy section */

/* Begin PBXFileReference section */
		0503215E1C2C0EBE929C793F /* Pods-DnpKit.release.xcconfig */ = {isa = PBXFileReference; includeInIndex = 1; lastKnownFileType = text.xcconfig; name = "Pods-DnpKit.release.xcconfig"; path = "Target Support Files/Pods-DnpKit/Pods-DnpKit.release.xcconfig"; sourceTree = "<group>"; };
		9720C1272169457F8FC6BB39 /* Pods_DnpKit.framework */ = {isa = PBXFileReference; explicitFileType = wrapper.framework; includeInIndex = 0; path = Pods_DnpKit.framework; sourceTree = BUILT_PRODUCTS_DIR; };
		B842EE2428160B1408CD904D /* Pods-DnpKit.debug.xcconfig */ = {isa = PBXFileReference; includeInIndex = 1; lastKnownFileType = text.xcconfig; name = "Pods-DnpKit.debug.xcconfig"; path = "Target Support Files/Pods-DnpKit/Pods-DnpKit.debug.xcconfig"; sourceTree = "<group>"; };
		EF04DBB42293905200D026F0 /* UITextField+Chain.swift */ = {isa = PBXFileReference; lastKnownFileType = sourcecode.swift; path = "UITextField+Chain.swift"; sourceTree = "<group>"; };
		EF04DBB62293995100D026F0 /* UITextView+Chain.swift */ = {isa = PBXFileReference; lastKnownFileType = sourcecode.swift; path = "UITextView+Chain.swift"; sourceTree = "<group>"; };
		EF04DBB82293A44000D026F0 /* UISwitch+Chain.swift */ = {isa = PBXFileReference; lastKnownFileType = sourcecode.swift; path = "UISwitch+Chain.swift"; sourceTree = "<group>"; };
		EF04DBBA2293A55900D026F0 /* UISlider+Chain.swift */ = {isa = PBXFileReference; lastKnownFileType = sourcecode.swift; path = "UISlider+Chain.swift"; sourceTree = "<group>"; };
		EF04DBBC2293A8EA00D026F0 /* UIActivityIndicatorView+Chain.swift */ = {isa = PBXFileReference; lastKnownFileType = sourcecode.swift; path = "UIActivityIndicatorView+Chain.swift"; sourceTree = "<group>"; };
		EF04DBBE2293AA1200D026F0 /* UIProgressView+Chain.swift */ = {isa = PBXFileReference; lastKnownFileType = sourcecode.swift; path = "UIProgressView+Chain.swift"; sourceTree = "<group>"; };
		EF04DBC02293AB7400D026F0 /* UIResponder+Chain.swift */ = {isa = PBXFileReference; lastKnownFileType = sourcecode.swift; path = "UIResponder+Chain.swift"; sourceTree = "<group>"; };
		EF04DBC22293AC8200D026F0 /* UIBarButtonItem+Chain.swift */ = {isa = PBXFileReference; lastKnownFileType = sourcecode.swift; path = "UIBarButtonItem+Chain.swift"; sourceTree = "<group>"; };
		EF04DBC42293B28A00D026F0 /* UIBarItem+Chain.swift */ = {isa = PBXFileReference; lastKnownFileType = sourcecode.swift; path = "UIBarItem+Chain.swift"; sourceTree = "<group>"; };
		EF04DBC62293B5C300D026F0 /* UIDatePicker+Chain.swift */ = {isa = PBXFileReference; lastKnownFileType = sourcecode.swift; path = "UIDatePicker+Chain.swift"; sourceTree = "<group>"; };
		EF04DBC82293C6B100D026F0 /* UIPickerView+Chain.swift */ = {isa = PBXFileReference; lastKnownFileType = sourcecode.swift; path = "UIPickerView+Chain.swift"; sourceTree = "<group>"; };
		EF04DBCA2293CA7900D026F0 /* NotificationCenter+Chain.swift */ = {isa = PBXFileReference; lastKnownFileType = sourcecode.swift; path = "NotificationCenter+Chain.swift"; sourceTree = "<group>"; };
		EF22B6592293CF0900411C20 /* NSMutableAttributedString+Chain.swift */ = {isa = PBXFileReference; lastKnownFileType = sourcecode.swift; path = "NSMutableAttributedString+Chain.swift"; sourceTree = "<group>"; };
		EF22B65D2293DA1E00411C20 /* UINavigationBar+Chain.swift */ = {isa = PBXFileReference; lastKnownFileType = sourcecode.swift; path = "UINavigationBar+Chain.swift"; sourceTree = "<group>"; };
		EF22B65F2293DB4A00411C20 /* UINavigationItem+Chain.swift */ = {isa = PBXFileReference; lastKnownFileType = sourcecode.swift; path = "UINavigationItem+Chain.swift"; sourceTree = "<group>"; };
		EF22B6612293E0B500411C20 /* UISegmentedControl+Chain.swift */ = {isa = PBXFileReference; lastKnownFileType = sourcecode.swift; path = "UISegmentedControl+Chain.swift"; sourceTree = "<group>"; };
		EF22B6632293E4FF00411C20 /* UIStepper+Chain.swift */ = {isa = PBXFileReference; lastKnownFileType = sourcecode.swift; path = "UIStepper+Chain.swift"; sourceTree = "<group>"; };
		EF22B6652293E80900411C20 /* UIScrollView+Chain.swift */ = {isa = PBXFileReference; lastKnownFileType = sourcecode.swift; path = "UIScrollView+Chain.swift"; sourceTree = "<group>"; };
		EF22B6672293EF4800411C20 /* UITableView+Chain.swift */ = {isa = PBXFileReference; lastKnownFileType = sourcecode.swift; path = "UITableView+Chain.swift"; sourceTree = "<group>"; };
		EF22B6692293F94900411C20 /* UICollectionView+Chain.swift */ = {isa = PBXFileReference; lastKnownFileType = sourcecode.swift; path = "UICollectionView+Chain.swift"; sourceTree = "<group>"; };
		EF22B66B2294059700411C20 /* UICollectionViewFlowLayout+Chain.swift */ = {isa = PBXFileReference; lastKnownFileType = sourcecode.swift; path = "UICollectionViewFlowLayout+Chain.swift"; sourceTree = "<group>"; };
		EF22B66D229409A000411C20 /* UserDefaults+Chain.swift */ = {isa = PBXFileReference; lastKnownFileType = sourcecode.swift; path = "UserDefaults+Chain.swift"; sourceTree = "<group>"; };
		EF22B6722294179100411C20 /* CALayer+Chain.swift */ = {isa = PBXFileReference; lastKnownFileType = sourcecode.swift; path = "CALayer+Chain.swift"; sourceTree = "<group>"; };
		EF22B674229417A900411C20 /* UIGestureChain.swift */ = {isa = PBXFileReference; lastKnownFileType = sourcecode.swift; path = UIGestureChain.swift; sourceTree = "<group>"; };
		EF236060229447410020B00D /* CAGradientLayer+Chain.swift */ = {isa = PBXFileReference; lastKnownFileType = sourcecode.swift; path = "CAGradientLayer+Chain.swift"; sourceTree = "<group>"; };
		EF2360622294499E0020B00D /* CAScrollLayer+Chain.swift */ = {isa = PBXFileReference; lastKnownFileType = sourcecode.swift; path = "CAScrollLayer+Chain.swift"; sourceTree = "<group>"; };
		EF23606422944AE20020B00D /* CATiledLayer+Chain.swift */ = {isa = PBXFileReference; lastKnownFileType = sourcecode.swift; path = "CATiledLayer+Chain.swift"; sourceTree = "<group>"; };
		EF23606622944BDD0020B00D /* CAShapeLayer+Chain.swift */ = {isa = PBXFileReference; lastKnownFileType = sourcecode.swift; path = "CAShapeLayer+Chain.swift"; sourceTree = "<group>"; };
		EF23606822944D780020B00D /* CATextLayer+Chain.swift */ = {isa = PBXFileReference; lastKnownFileType = sourcecode.swift; path = "CATextLayer+Chain.swift"; sourceTree = "<group>"; };
		EF23606A22944E5B0020B00D /* CAReplicatorLayer+Chain.swift */ = {isa = PBXFileReference; lastKnownFileType = sourcecode.swift; path = "CAReplicatorLayer+Chain.swift"; sourceTree = "<group>"; };
		EF23606C22944F4B0020B00D /* CAEmitterLayer+Chain.swift */ = {isa = PBXFileReference; lastKnownFileType = sourcecode.swift; path = "CAEmitterLayer+Chain.swift"; sourceTree = "<group>"; };
		EF23606E229450AB0020B00D /* UITapGesture+Chain.swift */ = {isa = PBXFileReference; lastKnownFileType = sourcecode.swift; path = "UITapGesture+Chain.swift"; sourceTree = "<group>"; };
		EF236070229451040020B00D /* UIRotationGesture+Chain.swift */ = {isa = PBXFileReference; lastKnownFileType = sourcecode.swift; path = "UIRotationGesture+Chain.swift"; sourceTree = "<group>"; };
		EF236072229451A10020B00D /* UISwipeGesture+Chain.swift */ = {isa = PBXFileReference; lastKnownFileType = sourcecode.swift; path = "UISwipeGesture+Chain.swift"; sourceTree = "<group>"; };
		EF2360742294520D0020B00D /* UIPanGesture+Chain.swift */ = {isa = PBXFileReference; lastKnownFileType = sourcecode.swift; path = "UIPanGesture+Chain.swift"; sourceTree = "<group>"; };
		EF236076229452BA0020B00D /* UILongPressGesture+Chain.swift */ = {isa = PBXFileReference; lastKnownFileType = sourcecode.swift; path = "UILongPressGesture+Chain.swift"; sourceTree = "<group>"; };
		EF236078229453460020B00D /* UIPinchGesture+Chain.swift */ = {isa = PBXFileReference; lastKnownFileType = sourcecode.swift; path = "UIPinchGesture+Chain.swift"; sourceTree = "<group>"; };
		EF2A6A9D2292547000CC00F3 /* DnpKit.app */ = {isa = PBXFileReference; explicitFileType = wrapper.application; includeInIndex = 0; path = DnpKit.app; sourceTree = BUILT_PRODUCTS_DIR; };
		EF2A6AA02292547000CC00F3 /* AppDelegate.swift */ = {isa = PBXFileReference; lastKnownFileType = sourcecode.swift; path = AppDelegate.swift; sourceTree = "<group>"; };
		EF2A6AA22292547000CC00F3 /* ViewController.swift */ = {isa = PBXFileReference; lastKnownFileType = sourcecode.swift; path = ViewController.swift; sourceTree = "<group>"; };
		EF2A6AA52292547000CC00F3 /* Base */ = {isa = PBXFileReference; lastKnownFileType = file.storyboard; name = Base; path = Base.lproj/Main.storyboard; sourceTree = "<group>"; };
		EF2A6AA72292547200CC00F3 /* Assets.xcassets */ = {isa = PBXFileReference; lastKnownFileType = folder.assetcatalog; path = Assets.xcassets; sourceTree = "<group>"; };
		EF2A6AAA2292547200CC00F3 /* Base */ = {isa = PBXFileReference; lastKnownFileType = file.storyboard; name = Base; path = Base.lproj/LaunchScreen.storyboard; sourceTree = "<group>"; };
		EF2A6AAC2292547200CC00F3 /* Info.plist */ = {isa = PBXFileReference; lastKnownFileType = text.plist.xml; path = Info.plist; sourceTree = "<group>"; };
		EF2A6AB12292547200CC00F3 /* DnpKitTests.xctest */ = {isa = PBXFileReference; explicitFileType = wrapper.cfbundle; includeInIndex = 0; path = DnpKitTests.xctest; sourceTree = BUILT_PRODUCTS_DIR; };
		EF2A6AB52292547200CC00F3 /* DnpKitTests.swift */ = {isa = PBXFileReference; lastKnownFileType = sourcecode.swift; path = DnpKitTests.swift; sourceTree = "<group>"; };
		EF2A6AB72292547200CC00F3 /* Info.plist */ = {isa = PBXFileReference; lastKnownFileType = text.plist.xml; path = Info.plist; sourceTree = "<group>"; };
		EF2A6ABC2292547200CC00F3 /* DnpKitUITests.xctest */ = {isa = PBXFileReference; explicitFileType = wrapper.cfbundle; includeInIndex = 0; path = DnpKitUITests.xctest; sourceTree = BUILT_PRODUCTS_DIR; };
		EF2A6AC02292547200CC00F3 /* DnpKitUITests.swift */ = {isa = PBXFileReference; lastKnownFileType = sourcecode.swift; path = DnpKitUITests.swift; sourceTree = "<group>"; };
		EF2A6AC22292547200CC00F3 /* Info.plist */ = {isa = PBXFileReference; lastKnownFileType = text.plist.xml; path = Info.plist; sourceTree = "<group>"; };
		EF2A6AD022925A5800CC00F3 /* DnpChain.swift */ = {isa = PBXFileReference; lastKnownFileType = sourcecode.swift; path = DnpChain.swift; sourceTree = "<group>"; };
		EF2A6AD222925C0000CC00F3 /* DnpChainCompatible.swift */ = {isa = PBXFileReference; lastKnownFileType = sourcecode.swift; path = DnpChainCompatible.swift; sourceTree = "<group>"; };
		EF2A6AD422925EF000CC00F3 /* PrefixHeader.pch */ = {isa = PBXFileReference; lastKnownFileType = sourcecode.c.h; path = PrefixHeader.pch; sourceTree = "<group>"; };
		EF2A6AD522925F8A00CC00F3 /* DnpKit-Bridging-Header.h */ = {isa = PBXFileReference; lastKnownFileType = sourcecode.c.h; path = "DnpKit-Bridging-Header.h"; sourceTree = "<group>"; };
		EF2A6AD9229260AD00CC00F3 /* UIView+Chain.swift */ = {isa = PBXFileReference; lastKnownFileType = sourcecode.swift; path = "UIView+Chain.swift"; sourceTree = "<group>"; };
		EF2A6ADB2292793900CC00F3 /* UIView+Category.swift */ = {isa = PBXFileReference; fileEncoding = 4; lastKnownFileType = sourcecode.swift; path = "UIView+Category.swift"; sourceTree = "<group>"; };
		EF2A6ADD2292A00B00CC00F3 /* UILabel+Chain.swift */ = {isa = PBXFileReference; lastKnownFileType = sourcecode.swift; path = "UILabel+Chain.swift"; sourceTree = "<group>"; };
		EF2A6ADF2292A3A000CC00F3 /* UIButton+Chain.swift */ = {isa = PBXFileReference; lastKnownFileType = sourcecode.swift; path = "UIButton+Chain.swift"; sourceTree = "<group>"; };
		EF2A6AE12292B58A00CC00F3 /* UIControl+Chain.swift */ = {isa = PBXFileReference; lastKnownFileType = sourcecode.swift; path = "UIControl+Chain.swift"; sourceTree = "<group>"; };
		EF2A6B592292D1C400CC00F3 /* UIImageView+Chain.swift */ = {isa = PBXFileReference; lastKnownFileType = sourcecode.swift; path = "UIImageView+Chain.swift"; sourceTree = "<group>"; };
		EF6B429A2294DF1900CB55B2 /* SearchViewController.swift */ = {isa = PBXFileReference; lastKnownFileType = sourcecode.swift; path = SearchViewController.swift; sourceTree = "<group>"; };
		EF6B429E2294EED400CB55B2 /* UITableViewCell+Chain.swift */ = {isa = PBXFileReference; lastKnownFileType = sourcecode.swift; path = "UITableViewCell+Chain.swift"; sourceTree = "<group>"; };
		EF6B42A02294F3C000CB55B2 /* UICollectionViewCell+Chain.swift */ = {isa = PBXFileReference; lastKnownFileType = sourcecode.swift; path = "UICollectionViewCell+Chain.swift"; sourceTree = "<group>"; };
		EF6B42A2229506D600CB55B2 /* UIStackView+Chain.swift */ = {isa = PBXFileReference; lastKnownFileType = sourcecode.swift; path = "UIStackView+Chain.swift"; sourceTree = "<group>"; };
		EF6B42A622951E6C00CB55B2 /* TableViewCell.swift */ = {isa = PBXFileReference; fileEncoding = 4; lastKnownFileType = sourcecode.swift; path = TableViewCell.swift; sourceTree = "<group>"; };
/* End PBXFileReference section */

/* Begin PBXFrameworksBuildPhase section */
		EF2A6A9A2292547000CC00F3 /* Frameworks */ = {
			isa = PBXFrameworksBuildPhase;
			buildActionMask = 2147483647;
			files = (
				B66E60AC593C7BDD974B8675 /* Pods_DnpKit.framework in Frameworks */,
			);
			runOnlyForDeploymentPostprocessing = 0;
		};
		EF2A6AAE2292547200CC00F3 /* Frameworks */ = {
			isa = PBXFrameworksBuildPhase;
			buildActionMask = 2147483647;
			files = (
			);
			runOnlyForDeploymentPostprocessing = 0;
		};
		EF2A6AB92292547200CC00F3 /* Frameworks */ = {
			isa = PBXFrameworksBuildPhase;
			buildActionMask = 2147483647;
			files = (
			);
			runOnlyForDeploymentPostprocessing = 0;
		};
/* End PBXFrameworksBuildPhase section */

/* Begin PBXGroup section */
		320DF2DC3B2272286CE870A9 /* Pods */ = {
			isa = PBXGroup;
			children = (
				B842EE2428160B1408CD904D /* Pods-DnpKit.debug.xcconfig */,
				0503215E1C2C0EBE929C793F /* Pods-DnpKit.release.xcconfig */,
			);
			path = Pods;
			sourceTree = "<group>";
		};
		E4A0E144F073E625733F0503 /* Frameworks */ = {
			isa = PBXGroup;
			children = (
				9720C1272169457F8FC6BB39 /* Pods_DnpKit.framework */,
			);
			name = Frameworks;
			sourceTree = "<group>";
		};
		EF22B66F2294158000411C20 /* View */ = {
			isa = PBXGroup;
			children = (
				EF2A6AD022925A5800CC00F3 /* DnpChain.swift */,
				EF2A6AD222925C0000CC00F3 /* DnpChainCompatible.swift */,
				EF2A6ADB2292793900CC00F3 /* UIView+Category.swift */,
				EF2A6AD9229260AD00CC00F3 /* UIView+Chain.swift */,
				EF2A6ADD2292A00B00CC00F3 /* UILabel+Chain.swift */,
				EF2A6ADF2292A3A000CC00F3 /* UIButton+Chain.swift */,
				EF04DBC22293AC8200D026F0 /* UIBarButtonItem+Chain.swift */,
				EF04DBC42293B28A00D026F0 /* UIBarItem+Chain.swift */,
				EF2A6B592292D1C400CC00F3 /* UIImageView+Chain.swift */,
				EF2A6AE12292B58A00CC00F3 /* UIControl+Chain.swift */,
				EF04DBB42293905200D026F0 /* UITextField+Chain.swift */,
				EF04DBB62293995100D026F0 /* UITextView+Chain.swift */,
				EF04DBB82293A44000D026F0 /* UISwitch+Chain.swift */,
				EF04DBBA2293A55900D026F0 /* UISlider+Chain.swift */,
				EF04DBBC2293A8EA00D026F0 /* UIActivityIndicatorView+Chain.swift */,
				EF04DBBE2293AA1200D026F0 /* UIProgressView+Chain.swift */,
				EF04DBC02293AB7400D026F0 /* UIResponder+Chain.swift */,
				EF04DBC62293B5C300D026F0 /* UIDatePicker+Chain.swift */,
				EF04DBC82293C6B100D026F0 /* UIPickerView+Chain.swift */,
				EF04DBCA2293CA7900D026F0 /* NotificationCenter+Chain.swift */,
				EF22B6592293CF0900411C20 /* NSMutableAttributedString+Chain.swift */,
				EF22B65D2293DA1E00411C20 /* UINavigationBar+Chain.swift */,
				EF22B65F2293DB4A00411C20 /* UINavigationItem+Chain.swift */,
				EF22B6612293E0B500411C20 /* UISegmentedControl+Chain.swift */,
				EF22B6632293E4FF00411C20 /* UIStepper+Chain.swift */,
				EF22B6652293E80900411C20 /* UIScrollView+Chain.swift */,
				EF22B6672293EF4800411C20 /* UITableView+Chain.swift */,
				EF6B429E2294EED400CB55B2 /* UITableViewCell+Chain.swift */,
				EF22B6692293F94900411C20 /* UICollectionView+Chain.swift */,
				EF6B42A02294F3C000CB55B2 /* UICollectionViewCell+Chain.swift */,
				EF22B66B2294059700411C20 /* UICollectionViewFlowLayout+Chain.swift */,
				EF6B42A2229506D600CB55B2 /* UIStackView+Chain.swift */,
				EF22B66D229409A000411C20 /* UserDefaults+Chain.swift */,
			);
			path = View;
			sourceTree = "<group>";
		};
		EF22B6702294174800411C20 /* Layer */ = {
			isa = PBXGroup;
			children = (
				EF22B6722294179100411C20 /* CALayer+Chain.swift */,
				EF236060229447410020B00D /* CAGradientLayer+Chain.swift */,
				EF2360622294499E0020B00D /* CAScrollLayer+Chain.swift */,
				EF23606422944AE20020B00D /* CATiledLayer+Chain.swift */,
				EF23606622944BDD0020B00D /* CAShapeLayer+Chain.swift */,
				EF23606822944D780020B00D /* CATextLayer+Chain.swift */,
				EF23606A22944E5B0020B00D /* CAReplicatorLayer+Chain.swift */,
				EF23606C22944F4B0020B00D /* CAEmitterLayer+Chain.swift */,
			);
			path = Layer;
			sourceTree = "<group>";
		};
		EF22B6712294175700411C20 /* Event */ = {
			isa = PBXGroup;
			children = (
				EF22B674229417A900411C20 /* UIGestureChain.swift */,
				EF23606E229450AB0020B00D /* UITapGesture+Chain.swift */,
				EF236070229451040020B00D /* UIRotationGesture+Chain.swift */,
				EF236072229451A10020B00D /* UISwipeGesture+Chain.swift */,
				EF2360742294520D0020B00D /* UIPanGesture+Chain.swift */,
				EF236076229452BA0020B00D /* UILongPressGesture+Chain.swift */,
				EF236078229453460020B00D /* UIPinchGesture+Chain.swift */,
			);
			path = Event;
			sourceTree = "<group>";
		};
		EF2A6A942292547000CC00F3 = {
			isa = PBXGroup;
			children = (
				EF2A6A9F2292547000CC00F3 /* DnpKit */,
				EF2A6AB42292547200CC00F3 /* DnpKitTests */,
				EF2A6ABF2292547200CC00F3 /* DnpKitUITests */,
				EF2A6A9E2292547000CC00F3 /* Products */,
				320DF2DC3B2272286CE870A9 /* Pods */,
				E4A0E144F073E625733F0503 /* Frameworks */,
			);
			sourceTree = "<group>";
		};
		EF2A6A9E2292547000CC00F3 /* Products */ = {
			isa = PBXGroup;
			children = (
				EF2A6A9D2292547000CC00F3 /* DnpKit.app */,
				EF2A6AB12292547200CC00F3 /* DnpKitTests.xctest */,
				EF2A6ABC2292547200CC00F3 /* DnpKitUITests.xctest */,
			);
			name = Products;
			sourceTree = "<group>";
		};
		EF2A6A9F2292547000CC00F3 /* DnpKit */ = {
			isa = PBXGroup;
			children = (
				EF2A6ACF229258BC00CC00F3 /* Source */,
				EF2A6AA02292547000CC00F3 /* AppDelegate.swift */,
				EF2A6AA22292547000CC00F3 /* ViewController.swift */,
				EF6B42A622951E6C00CB55B2 /* TableViewCell.swift */,
				EF6B429A2294DF1900CB55B2 /* SearchViewController.swift */,
				EF2A6AD422925EF000CC00F3 /* PrefixHeader.pch */,
				EF2A6AA42292547000CC00F3 /* Main.storyboard */,
				EF2A6AA72292547200CC00F3 /* Assets.xcassets */,
				EF2A6AA92292547200CC00F3 /* LaunchScreen.storyboard */,
				EF2A6AAC2292547200CC00F3 /* Info.plist */,
				EF2A6AD522925F8A00CC00F3 /* DnpKit-Bridging-Header.h */,
			);
			path = DnpKit;
			sourceTree = "<group>";
		};
		EF2A6AB42292547200CC00F3 /* DnpKitTests */ = {
			isa = PBXGroup;
			children = (
				EF2A6AB52292547200CC00F3 /* DnpKitTests.swift */,
				EF2A6AB72292547200CC00F3 /* Info.plist */,
			);
			path = DnpKitTests;
			sourceTree = "<group>";
		};
		EF2A6ABF2292547200CC00F3 /* DnpKitUITests */ = {
			isa = PBXGroup;
			children = (
				EF2A6AC02292547200CC00F3 /* DnpKitUITests.swift */,
				EF2A6AC22292547200CC00F3 /* Info.plist */,
			);
			path = DnpKitUITests;
			sourceTree = "<group>";
		};
		EF2A6ACF229258BC00CC00F3 /* Source */ = {
			isa = PBXGroup;
			children = (
				EF22B66F2294158000411C20 /* View */,
				EF22B6702294174800411C20 /* Layer */,
				EF22B6712294175700411C20 /* Event */,
			);
			name = Source;
			path = ../../Source;
			sourceTree = "<group>";
		};
/* End PBXGroup section */

/* Begin PBXNativeTarget section */
		EF2A6A9C2292547000CC00F3 /* DnpKit */ = {
			isa = PBXNativeTarget;
			buildConfigurationList = EF2A6AC52292547200CC00F3 /* Build configuration list for PBXNativeTarget "DnpKit" */;
			buildPhases = (
				580DEC87350689138F1DE8FC /* [CP] Check Pods Manifest.lock */,
				EF2A6A992292547000CC00F3 /* Sources */,
				EF2A6A9A2292547000CC00F3 /* Frameworks */,
				EF2A6A9B2292547000CC00F3 /* Resources */,
				3145EF5E783D1E86BA614D5D /* [CP] Embed Pods Frameworks */,
			);
			buildRules = (
			);
			dependencies = (
			);
			name = DnpKit;
			productName = DnpKit;
			productReference = EF2A6A9D2292547000CC00F3 /* DnpKit.app */;
			productType = "com.apple.product-type.application";
		};
		EF2A6AB02292547200CC00F3 /* DnpKitTests */ = {
			isa = PBXNativeTarget;
			buildConfigurationList = EF2A6AC82292547200CC00F3 /* Build configuration list for PBXNativeTarget "DnpKitTests" */;
			buildPhases = (
				EF2A6AAD2292547200CC00F3 /* Sources */,
				EF2A6AAE2292547200CC00F3 /* Frameworks */,
				EF2A6AAF2292547200CC00F3 /* Resources */,
			);
			buildRules = (
			);
			dependencies = (
				EF2A6AB32292547200CC00F3 /* PBXTargetDependency */,
			);
			name = DnpKitTests;
			productName = DnpKitTests;
			productReference = EF2A6AB12292547200CC00F3 /* DnpKitTests.xctest */;
			productType = "com.apple.product-type.bundle.unit-test";
		};
		EF2A6ABB2292547200CC00F3 /* DnpKitUITests */ = {
			isa = PBXNativeTarget;
			buildConfigurationList = EF2A6ACB2292547200CC00F3 /* Build configuration list for PBXNativeTarget "DnpKitUITests" */;
			buildPhases = (
				EF2A6AB82292547200CC00F3 /* Sources */,
				EF2A6AB92292547200CC00F3 /* Frameworks */,
				EF2A6ABA2292547200CC00F3 /* Resources */,
			);
			buildRules = (
			);
			dependencies = (
				EF2A6ABE2292547200CC00F3 /* PBXTargetDependency */,
			);
			name = DnpKitUITests;
			productName = DnpKitUITests;
			productReference = EF2A6ABC2292547200CC00F3 /* DnpKitUITests.xctest */;
			productType = "com.apple.product-type.bundle.ui-testing";
		};
/* End PBXNativeTarget section */

/* Begin PBXProject section */
		EF2A6A952292547000CC00F3 /* Project object */ = {
			isa = PBXProject;
			attributes = {
				LastSwiftUpdateCheck = 1020;
				LastUpgradeCheck = 1020;
				ORGANIZATIONNAME = Zomfice;
				TargetAttributes = {
					EF2A6A9C2292547000CC00F3 = {
						CreatedOnToolsVersion = 10.2.1;
						LastSwiftMigration = 1020;
					};
					EF2A6AB02292547200CC00F3 = {
						CreatedOnToolsVersion = 10.2.1;
						TestTargetID = EF2A6A9C2292547000CC00F3;
					};
					EF2A6ABB2292547200CC00F3 = {
						CreatedOnToolsVersion = 10.2.1;
						TestTargetID = EF2A6A9C2292547000CC00F3;
					};
				};
			};
			buildConfigurationList = EF2A6A982292547000CC00F3 /* Build configuration list for PBXProject "DnpKit" */;
			compatibilityVersion = "Xcode 9.3";
			developmentRegion = en;
			hasScannedForEncodings = 0;
			knownRegions = (
				en,
				Base,
			);
			mainGroup = EF2A6A942292547000CC00F3;
			productRefGroup = EF2A6A9E2292547000CC00F3 /* Products */;
			projectDirPath = "";
			projectRoot = "";
			targets = (
				EF2A6A9C2292547000CC00F3 /* DnpKit */,
				EF2A6AB02292547200CC00F3 /* DnpKitTests */,
				EF2A6ABB2292547200CC00F3 /* DnpKitUITests */,
			);
		};
/* End PBXProject section */

/* Begin PBXResourcesBuildPhase section */
		EF2A6A9B2292547000CC00F3 /* Resources */ = {
			isa = PBXResourcesBuildPhase;
			buildActionMask = 2147483647;
			files = (
				EF2A6AAB2292547200CC00F3 /* LaunchScreen.storyboard in Resources */,
				EF2A6AA82292547200CC00F3 /* Assets.xcassets in Resources */,
				EF2A6AA62292547000CC00F3 /* Main.storyboard in Resources */,
			);
			runOnlyForDeploymentPostprocessing = 0;
		};
		EF2A6AAF2292547200CC00F3 /* Resources */ = {
			isa = PBXResourcesBuildPhase;
			buildActionMask = 2147483647;
			files = (
			);
			runOnlyForDeploymentPostprocessing = 0;
		};
		EF2A6ABA2292547200CC00F3 /* Resources */ = {
			isa = PBXResourcesBuildPhase;
			buildActionMask = 2147483647;
			files = (
			);
			runOnlyForDeploymentPostprocessing = 0;
		};
/* End PBXResourcesBuildPhase section */

/* Begin PBXShellScriptBuildPhase section */
		3145EF5E783D1E86BA614D5D /* [CP] Embed Pods Frameworks */ = {
			isa = PBXShellScriptBuildPhase;
			buildActionMask = 2147483647;
			files = (
			);
			inputFileListPaths = (
			);
			inputPaths = (
				"${PODS_ROOT}/Target Support Files/Pods-DnpKit/Pods-DnpKit-frameworks.sh",
				"${BUILT_PRODUCTS_DIR}/SnapKit/SnapKit.framework",
			);
			name = "[CP] Embed Pods Frameworks";
			outputFileListPaths = (
			);
			outputPaths = (
				"${TARGET_BUILD_DIR}/${FRAMEWORKS_FOLDER_PATH}/SnapKit.framework",
			);
			runOnlyForDeploymentPostprocessing = 0;
			shellPath = /bin/sh;
			shellScript = "\"${PODS_ROOT}/Target Support Files/Pods-DnpKit/Pods-DnpKit-frameworks.sh\"\n";
			showEnvVarsInLog = 0;
		};
		580DEC87350689138F1DE8FC /* [CP] Check Pods Manifest.lock */ = {
			isa = PBXShellScriptBuildPhase;
			buildActionMask = 2147483647;
			files = (
			);
			inputFileListPaths = (
			);
			inputPaths = (
				"${PODS_PODFILE_DIR_PATH}/Podfile.lock",
				"${PODS_ROOT}/Manifest.lock",
			);
			name = "[CP] Check Pods Manifest.lock";
			outputFileListPaths = (
			);
			outputPaths = (
				"$(DERIVED_FILE_DIR)/Pods-DnpKit-checkManifestLockResult.txt",
			);
			runOnlyForDeploymentPostprocessing = 0;
			shellPath = /bin/sh;
			shellScript = "diff \"${PODS_PODFILE_DIR_PATH}/Podfile.lock\" \"${PODS_ROOT}/Manifest.lock\" > /dev/null\nif [ $? != 0 ] ; then\n    # print error to STDERR\n    echo \"error: The sandbox is not in sync with the Podfile.lock. Run 'pod install' or update your CocoaPods installation.\" >&2\n    exit 1\nfi\n# This output is used by Xcode 'outputs' to avoid re-running this script phase.\necho \"SUCCESS\" > \"${SCRIPT_OUTPUT_FILE_0}\"\n";
			showEnvVarsInLog = 0;
		};
/* End PBXShellScriptBuildPhase section */

/* Begin PBXSourcesBuildPhase section */
		EF2A6A992292547000CC00F3 /* Sources */ = {
			isa = PBXSourcesBuildPhase;
			buildActionMask = 2147483647;
			files = (
				EF22B6622293E0B500411C20 /* UISegmentedControl+Chain.swift in Sources */,
				EF04DBC32293AC8200D026F0 /* UIBarButtonItem+Chain.swift in Sources */,
				EF04DBBB2293A55900D026F0 /* UISlider+Chain.swift in Sources */,
				EF04DBC92293C6B100D026F0 /* UIPickerView+Chain.swift in Sources */,
				EF04DBBF2293AA1200D026F0 /* UIProgressView+Chain.swift in Sources */,
				EF22B6662293E80900411C20 /* UIScrollView+Chain.swift in Sources */,
				EF22B66A2293F94900411C20 /* UICollectionView+Chain.swift in Sources */,
				EF23606F229450AB0020B00D /* UITapGesture+Chain.swift in Sources */,
				EF2A6AD322925C0000CC00F3 /* DnpChainCompatible.swift in Sources */,
				EF04DBB72293995100D026F0 /* UITextView+Chain.swift in Sources */,
				EF2A6AD122925A5800CC00F3 /* DnpChain.swift in Sources */,
				EF2A6ADC2292793900CC00F3 /* UIView+Category.swift in Sources */,
				EF22B6732294179100411C20 /* CALayer+Chain.swift in Sources */,
				EF6B42A722951E6C00CB55B2 /* TableViewCell.swift in Sources */,
				EF2A6AA32292547000CC00F3 /* ViewController.swift in Sources */,
				EF22B6682293EF4800411C20 /* UITableView+Chain.swift in Sources */,
				EF2360632294499E0020B00D /* CAScrollLayer+Chain.swift in Sources */,
				EF22B6642293E4FF00411C20 /* UIStepper+Chain.swift in Sources */,
				EF2A6ADE2292A00B00CC00F3 /* UILabel+Chain.swift in Sources */,
				EF6B42A12294F3C000CB55B2 /* UICollectionViewCell+Chain.swift in Sources */,
				EF23606D22944F4B0020B00D /* CAEmitterLayer+Chain.swift in Sources */,
				EF23606722944BDD0020B00D /* CAShapeLayer+Chain.swift in Sources */,
				EF04DBB92293A44000D026F0 /* UISwitch+Chain.swift in Sources */,
				EF236077229452BA0020B00D /* UILongPressGesture+Chain.swift in Sources */,
				EF22B65A2293CF0900411C20 /* NSMutableAttributedString+Chain.swift in Sources */,
				EF2A6ADA229260AD00CC00F3 /* UIView+Chain.swift in Sources */,
				EF236079229453460020B00D /* UIPinchGesture+Chain.swift in Sources */,
				EF04DBC72293B5C300D026F0 /* UIDatePicker+Chain.swift in Sources */,
				EF23606922944D780020B00D /* CATextLayer+Chain.swift in Sources */,
				EF2A6AA12292547000CC00F3 /* AppDelegate.swift in Sources */,
				EF236061229447410020B00D /* CAGradientLayer+Chain.swift in Sources */,
				EF22B65E2293DA1E00411C20 /* UINavigationBar+Chain.swift in Sources */,
				EF2A6AE22292B58A00CC00F3 /* UIControl+Chain.swift in Sources */,
				EF6B429F2294EED400CB55B2 /* UITableViewCell+Chain.swift in Sources */,
				EF04DBC52293B28A00D026F0 /* UIBarItem+Chain.swift in Sources */,
				EF2A6B5A2292D1C400CC00F3 /* UIImageView+Chain.swift in Sources */,
				EF22B66E229409A000411C20 /* UserDefaults+Chain.swift in Sources */,
				EF04DBCB2293CA7900D026F0 /* NotificationCenter+Chain.swift in Sources */,
				EF22B6602293DB4A00411C20 /* UINavigationItem+Chain.swift in Sources */,
				EF2A6AE02292A3A000CC00F3 /* UIButton+Chain.swift in Sources */,
				EF04DBBD2293A8EA00D026F0 /* UIActivityIndicatorView+Chain.swift in Sources */,
				EF236073229451A10020B00D /* UISwipeGesture+Chain.swift in Sources */,
				EF6B42A3229506D600CB55B2 /* UIStackView+Chain.swift in Sources */,
				EF22B66C2294059700411C20 /* UICollectionViewFlowLayout+Chain.swift in Sources */,
				EF04DBB52293905200D026F0 /* UITextField+Chain.swift in Sources */,
				EF23606B22944E5B0020B00D /* CAReplicatorLayer+Chain.swift in Sources */,
				EF6B429B2294DF1900CB55B2 /* SearchViewController.swift in Sources */,
				EF04DBC12293AB7500D026F0 /* UIResponder+Chain.swift in Sources */,
				EF22B675229417A900411C20 /* UIGestureChain.swift in Sources */,
				EF23606522944AE20020B00D /* CATiledLayer+Chain.swift in Sources */,
				EF236071229451040020B00D /* UIRotationGesture+Chain.swift in Sources */,
				EF2360752294520D0020B00D /* UIPanGesture+Chain.swift in Sources */,
			);
			runOnlyForDeploymentPostprocessing = 0;
		};
		EF2A6AAD2292547200CC00F3 /* Sources */ = {
			isa = PBXSourcesBuildPhase;
			buildActionMask = 2147483647;
			files = (
				EF2A6AB62292547200CC00F3 /* DnpKitTests.swift in Sources */,
			);
			runOnlyForDeploymentPostprocessing = 0;
		};
		EF2A6AB82292547200CC00F3 /* Sources */ = {
			isa = PBXSourcesBuildPhase;
			buildActionMask = 2147483647;
			files = (
				EF2A6AC12292547200CC00F3 /* DnpKitUITests.swift in Sources */,
			);
			runOnlyForDeploymentPostprocessing = 0;
		};
/* End PBXSourcesBuildPhase section */

/* Begin PBXTargetDependency section */
		EF2A6AB32292547200CC00F3 /* PBXTargetDependency */ = {
			isa = PBXTargetDependency;
			target = EF2A6A9C2292547000CC00F3 /* DnpKit */;
			targetProxy = EF2A6AB22292547200CC00F3 /* PBXContainerItemProxy */;
		};
		EF2A6ABE2292547200CC00F3 /* PBXTargetDependency */ = {
			isa = PBXTargetDependency;
			target = EF2A6A9C2292547000CC00F3 /* DnpKit */;
			targetProxy = EF2A6ABD2292547200CC00F3 /* PBXContainerItemProxy */;
		};
/* End PBXTargetDependency section */

/* Begin PBXVariantGroup section */
		EF2A6AA42292547000CC00F3 /* Main.storyboard */ = {
			isa = PBXVariantGroup;
			children = (
				EF2A6AA52292547000CC00F3 /* Base */,
			);
			name = Main.storyboard;
			sourceTree = "<group>";
		};
		EF2A6AA92292547200CC00F3 /* LaunchScreen.storyboard */ = {
			isa = PBXVariantGroup;
			children = (
				EF2A6AAA2292547200CC00F3 /* Base */,
			);
			name = LaunchScreen.storyboard;
			sourceTree = "<group>";
		};
/* End PBXVariantGroup section */

/* Begin XCBuildConfiguration section */
		EF2A6AC32292547200CC00F3 /* Debug */ = {
			isa = XCBuildConfiguration;
			buildSettings = {
				ALWAYS_SEARCH_USER_PATHS = NO;
				CLANG_ANALYZER_NONNULL = YES;
				CLANG_ANALYZER_NUMBER_OBJECT_CONVERSION = YES_AGGRESSIVE;
				CLANG_CXX_LANGUAGE_STANDARD = "gnu++14";
				CLANG_CXX_LIBRARY = "libc++";
				CLANG_ENABLE_MODULES = YES;
				CLANG_ENABLE_OBJC_ARC = YES;
				CLANG_ENABLE_OBJC_WEAK = YES;
				CLANG_WARN_BLOCK_CAPTURE_AUTORELEASING = YES;
				CLANG_WARN_BOOL_CONVERSION = YES;
				CLANG_WARN_COMMA = YES;
				CLANG_WARN_CONSTANT_CONVERSION = YES;
				CLANG_WARN_DEPRECATED_OBJC_IMPLEMENTATIONS = YES;
				CLANG_WARN_DIRECT_OBJC_ISA_USAGE = YES_ERROR;
				CLANG_WARN_DOCUMENTATION_COMMENTS = YES;
				CLANG_WARN_EMPTY_BODY = YES;
				CLANG_WARN_ENUM_CONVERSION = YES;
				CLANG_WARN_INFINITE_RECURSION = YES;
				CLANG_WARN_INT_CONVERSION = YES;
				CLANG_WARN_NON_LITERAL_NULL_CONVERSION = YES;
				CLANG_WARN_OBJC_IMPLICIT_RETAIN_SELF = YES;
				CLANG_WARN_OBJC_LITERAL_CONVERSION = YES;
				CLANG_WARN_OBJC_ROOT_CLASS = YES_ERROR;
				CLANG_WARN_RANGE_LOOP_ANALYSIS = YES;
				CLANG_WARN_STRICT_PROTOTYPES = YES;
				CLANG_WARN_SUSPICIOUS_MOVE = YES;
				CLANG_WARN_UNGUARDED_AVAILABILITY = YES_AGGRESSIVE;
				CLANG_WARN_UNREACHABLE_CODE = YES;
				CLANG_WARN__DUPLICATE_METHOD_MATCH = YES;
				CODE_SIGN_IDENTITY = "iPhone Developer";
				COPY_PHASE_STRIP = NO;
				DEBUG_INFORMATION_FORMAT = dwarf;
				ENABLE_STRICT_OBJC_MSGSEND = YES;
				ENABLE_TESTABILITY = YES;
				GCC_C_LANGUAGE_STANDARD = gnu11;
				GCC_DYNAMIC_NO_PIC = NO;
				GCC_NO_COMMON_BLOCKS = YES;
				GCC_OPTIMIZATION_LEVEL = 0;
				GCC_PREPROCESSOR_DEFINITIONS = (
					"DEBUG=1",
					"$(inherited)",
				);
				GCC_WARN_64_TO_32_BIT_CONVERSION = YES;
				GCC_WARN_ABOUT_RETURN_TYPE = YES_ERROR;
				GCC_WARN_UNDECLARED_SELECTOR = YES;
				GCC_WARN_UNINITIALIZED_AUTOS = YES_AGGRESSIVE;
				GCC_WARN_UNUSED_FUNCTION = YES;
				GCC_WARN_UNUSED_VARIABLE = YES;
				IPHONEOS_DEPLOYMENT_TARGET = 12.2;
				MTL_ENABLE_DEBUG_INFO = INCLUDE_SOURCE;
				MTL_FAST_MATH = YES;
				ONLY_ACTIVE_ARCH = YES;
				SDKROOT = iphoneos;
				SWIFT_ACTIVE_COMPILATION_CONDITIONS = DEBUG;
				SWIFT_OPTIMIZATION_LEVEL = "-Onone";
			};
			name = Debug;
		};
		EF2A6AC42292547200CC00F3 /* Release */ = {
			isa = XCBuildConfiguration;
			buildSettings = {
				ALWAYS_SEARCH_USER_PATHS = NO;
				CLANG_ANALYZER_NONNULL = YES;
				CLANG_ANALYZER_NUMBER_OBJECT_CONVERSION = YES_AGGRESSIVE;
				CLANG_CXX_LANGUAGE_STANDARD = "gnu++14";
				CLANG_CXX_LIBRARY = "libc++";
				CLANG_ENABLE_MODULES = YES;
				CLANG_ENABLE_OBJC_ARC = YES;
				CLANG_ENABLE_OBJC_WEAK = YES;
				CLANG_WARN_BLOCK_CAPTURE_AUTORELEASING = YES;
				CLANG_WARN_BOOL_CONVERSION = YES;
				CLANG_WARN_COMMA = YES;
				CLANG_WARN_CONSTANT_CONVERSION = YES;
				CLANG_WARN_DEPRECATED_OBJC_IMPLEMENTATIONS = YES;
				CLANG_WARN_DIRECT_OBJC_ISA_USAGE = YES_ERROR;
				CLANG_WARN_DOCUMENTATION_COMMENTS = YES;
				CLANG_WARN_EMPTY_BODY = YES;
				CLANG_WARN_ENUM_CONVERSION = YES;
				CLANG_WARN_INFINITE_RECURSION = YES;
				CLANG_WARN_INT_CONVERSION = YES;
				CLANG_WARN_NON_LITERAL_NULL_CONVERSION = YES;
				CLANG_WARN_OBJC_IMPLICIT_RETAIN_SELF = YES;
				CLANG_WARN_OBJC_LITERAL_CONVERSION = YES;
				CLANG_WARN_OBJC_ROOT_CLASS = YES_ERROR;
				CLANG_WARN_RANGE_LOOP_ANALYSIS = YES;
				CLANG_WARN_STRICT_PROTOTYPES = YES;
				CLANG_WARN_SUSPICIOUS_MOVE = YES;
				CLANG_WARN_UNGUARDED_AVAILABILITY = YES_AGGRESSIVE;
				CLANG_WARN_UNREACHABLE_CODE = YES;
				CLANG_WARN__DUPLICATE_METHOD_MATCH = YES;
				CODE_SIGN_IDENTITY = "iPhone Developer";
				COPY_PHASE_STRIP = NO;
				DEBUG_INFORMATION_FORMAT = "dwarf-with-dsym";
				ENABLE_NS_ASSERTIONS = NO;
				ENABLE_STRICT_OBJC_MSGSEND = YES;
				GCC_C_LANGUAGE_STANDARD = gnu11;
				GCC_NO_COMMON_BLOCKS = YES;
				GCC_WARN_64_TO_32_BIT_CONVERSION = YES;
				GCC_WARN_ABOUT_RETURN_TYPE = YES_ERROR;
				GCC_WARN_UNDECLARED_SELECTOR = YES;
				GCC_WARN_UNINITIALIZED_AUTOS = YES_AGGRESSIVE;
				GCC_WARN_UNUSED_FUNCTION = YES;
				GCC_WARN_UNUSED_VARIABLE = YES;
				IPHONEOS_DEPLOYMENT_TARGET = 12.2;
				MTL_ENABLE_DEBUG_INFO = NO;
				MTL_FAST_MATH = YES;
				SDKROOT = iphoneos;
				SWIFT_COMPILATION_MODE = wholemodule;
				SWIFT_OPTIMIZATION_LEVEL = "-O";
				VALIDATE_PRODUCT = YES;
			};
			name = Release;
		};
		EF2A6AC62292547200CC00F3 /* Debug */ = {
			isa = XCBuildConfiguration;
			baseConfigurationReference = B842EE2428160B1408CD904D /* Pods-DnpKit.debug.xcconfig */;
			buildSettings = {
				ASSETCATALOG_COMPILER_APPICON_NAME = AppIcon;
				CLANG_ENABLE_MODULES = YES;
				CODE_SIGN_STYLE = Automatic;
				DEVELOPMENT_TEAM = 9Z4UMADRX8;
				GCC_PREFIX_HEADER = DnpKit/DnpKit/PrefixHeader.pch;
				INFOPLIST_FILE = DnpKit/Info.plist;
				LD_RUNPATH_SEARCH_PATHS = (
					"$(inherited)",
					"@executable_path/Frameworks",
				);
				PRODUCT_BUNDLE_IDENTIFIER = com.zomfice.DnpKit;
				PRODUCT_NAME = "$(TARGET_NAME)";
				SWIFT_OBJC_BRIDGING_HEADER = "DnpKit/DnpKit-Bridging-Header.h";
				SWIFT_OPTIMIZATION_LEVEL = "-Onone";
				SWIFT_VERSION = 5.0;
				TARGETED_DEVICE_FAMILY = "1,2";
			};
			name = Debug;
		};
		EF2A6AC72292547200CC00F3 /* Release */ = {
			isa = XCBuildConfiguration;
			baseConfigurationReference = 0503215E1C2C0EBE929C793F /* Pods-DnpKit.release.xcconfig */;
			buildSettings = {
				ASSETCATALOG_COMPILER_APPICON_NAME = AppIcon;
				CLANG_ENABLE_MODULES = YES;
				CODE_SIGN_STYLE = Automatic;
				DEVELOPMENT_TEAM = 9Z4UMADRX8;
				GCC_PREFIX_HEADER = DnpKit/DnpKit/PrefixHeader.pch;
				INFOPLIST_FILE = DnpKit/Info.plist;
				LD_RUNPATH_SEARCH_PATHS = (
					"$(inherited)",
					"@executable_path/Frameworks",
				);
				PRODUCT_BUNDLE_IDENTIFIER = com.zomfice.DnpKit;
				PRODUCT_NAME = "$(TARGET_NAME)";
				SWIFT_OBJC_BRIDGING_HEADER = "DnpKit/DnpKit-Bridging-Header.h";
				SWIFT_VERSION = 5.0;
				TARGETED_DEVICE_FAMILY = "1,2";
			};
			name = Release;
		};
		EF2A6AC92292547200CC00F3 /* Debug */ = {
			isa = XCBuildConfiguration;
			buildSettings = {
				ALWAYS_EMBED_SWIFT_STANDARD_LIBRARIES = YES;
				BUNDLE_LOADER = "$(TEST_HOST)";
				CODE_SIGN_STYLE = Automatic;
				DEVELOPMENT_TEAM = 9Z4UMADRX8;
				INFOPLIST_FILE = DnpKitTests/Info.plist;
				LD_RUNPATH_SEARCH_PATHS = (
					"$(inherited)",
					"@executable_path/Frameworks",
					"@loader_path/Frameworks",
				);
				PRODUCT_BUNDLE_IDENTIFIER = com.zomfice.DnpKitTests;
				PRODUCT_NAME = "$(TARGET_NAME)";
				SWIFT_VERSION = 5.0;
				TARGETED_DEVICE_FAMILY = "1,2";
				TEST_HOST = "$(BUILT_PRODUCTS_DIR)/DnpKit.app/DnpKit";
			};
			name = Debug;
		};
		EF2A6ACA2292547200CC00F3 /* Release */ = {
			isa = XCBuildConfiguration;
			buildSettings = {
				ALWAYS_EMBED_SWIFT_STANDARD_LIBRARIES = YES;
				BUNDLE_LOADER = "$(TEST_HOST)";
				CODE_SIGN_STYLE = Automatic;
				DEVELOPMENT_TEAM = 9Z4UMADRX8;
				INFOPLIST_FILE = DnpKitTests/Info.plist;
				LD_RUNPATH_SEARCH_PATHS = (
					"$(inherited)",
					"@executable_path/Frameworks",
					"@loader_path/Frameworks",
				);
				PRODUCT_BUNDLE_IDENTIFIER = com.zomfice.DnpKitTests;
				PRODUCT_NAME = "$(TARGET_NAME)";
				SWIFT_VERSION = 5.0;
				TARGETED_DEVICE_FAMILY = "1,2";
				TEST_HOST = "$(BUILT_PRODUCTS_DIR)/DnpKit.app/DnpKit";
			};
			name = Release;
		};
		EF2A6ACC2292547200CC00F3 /* Debug */ = {
			isa = XCBuildConfiguration;
			buildSettings = {
				ALWAYS_EMBED_SWIFT_STANDARD_LIBRARIES = YES;
				CODE_SIGN_STYLE = Automatic;
				DEVELOPMENT_TEAM = 9Z4UMADRX8;
				INFOPLIST_FILE = DnpKitUITests/Info.plist;
				LD_RUNPATH_SEARCH_PATHS = (
					"$(inherited)",
					"@executable_path/Frameworks",
					"@loader_path/Frameworks",
				);
				PRODUCT_BUNDLE_IDENTIFIER = com.zomfice.DnpKitUITests;
				PRODUCT_NAME = "$(TARGET_NAME)";
				SWIFT_VERSION = 5.0;
				TARGETED_DEVICE_FAMILY = "1,2";
				TEST_TARGET_NAME = DnpKit;
			};
			name = Debug;
		};
		EF2A6ACD2292547200CC00F3 /* Release */ = {
			isa = XCBuildConfiguration;
			buildSettings = {
				ALWAYS_EMBED_SWIFT_STANDARD_LIBRARIES = YES;
				CODE_SIGN_STYLE = Automatic;
				DEVELOPMENT_TEAM = 9Z4UMADRX8;
				INFOPLIST_FILE = DnpKitUITests/Info.plist;
				LD_RUNPATH_SEARCH_PATHS = (
					"$(inherited)",
					"@executable_path/Frameworks",
					"@loader_path/Frameworks",
				);
				PRODUCT_BUNDLE_IDENTIFIER = com.zomfice.DnpKitUITests;
				PRODUCT_NAME = "$(TARGET_NAME)";
				SWIFT_VERSION = 5.0;
				TARGETED_DEVICE_FAMILY = "1,2";
				TEST_TARGET_NAME = DnpKit;
			};
			name = Release;
		};
/* End XCBuildConfiguration section */

/* Begin XCConfigurationList section */
		EF2A6A982292547000CC00F3 /* Build configuration list for PBXProject "DnpKit" */ = {
			isa = XCConfigurationList;
			buildConfigurations = (
				EF2A6AC32292547200CC00F3 /* Debug */,
				EF2A6AC42292547200CC00F3 /* Release */,
			);
			defaultConfigurationIsVisible = 0;
			defaultConfigurationName = Release;
		};
		EF2A6AC52292547200CC00F3 /* Build configuration list for PBXNativeTarget "DnpKit" */ = {
			isa = XCConfigurationList;
			buildConfigurations = (
				EF2A6AC62292547200CC00F3 /* Debug */,
				EF2A6AC72292547200CC00F3 /* Release */,
			);
			defaultConfigurationIsVisible = 0;
			defaultConfigurationName = Release;
		};
		EF2A6AC82292547200CC00F3 /* Build configuration list for PBXNativeTarget "DnpKitTests" */ = {
			isa = XCConfigurationList;
			buildConfigurations = (
				EF2A6AC92292547200CC00F3 /* Debug */,
				EF2A6ACA2292547200CC00F3 /* Release */,
			);
			defaultConfigurationIsVisible = 0;
			defaultConfigurationName = Release;
		};
		EF2A6ACB2292547200CC00F3 /* Build configuration list for PBXNativeTarget "DnpKitUITests" */ = {
			isa = XCConfigurationList;
			buildConfigurations = (
				EF2A6ACC2292547200CC00F3 /* Debug */,
				EF2A6ACD2292547200CC00F3 /* Release */,
			);
			defaultConfigurationIsVisible = 0;
			defaultConfigurationName = Release;
		};
/* End XCConfigurationList section */
	};
	rootObject = EF2A6A952292547000CC00F3 /* Project object */;
}
